
Microsoft Visual Studio Solution File, Format Version 12.00
# Visual Studio Version 17
VisualStudioVersion = 17.11.35327.3
MinimumVisualStudioVersion = 10.0.40219.1
Project("{FAE04EC0-301F-11D3-BF4B-00C04F79EFBC}") = "Motus.API", "Motus.API\Motus.API.csproj", "{AC1DFDAE-0A5D-43CD-B0CF-4DFE9B445758}"
EndProject
Project("{FAE04EC0-301F-11D3-BF4B-00C04F79EFBC}") = "Motus.API.Core", "Motus.API.Core\Motus.API.Core.csproj", "{FDB58709-3357-4D47-AEAF-6041BEE1CAB5}"
EndProject
Project("{FAE04EC0-301F-11D3-BF4B-00C04F79EFBC}") = "Motus.API.Data", "Motus.API.Data\Motus.API.Data.csproj", "{A24AEC6C-716B-42F7-87A3-9BB8F817BB3D}"
EndProject
Global
	GlobalSection(SolutionConfigurationPlatforms) = preSolution
		Debug|Any CPU = Debug|Any CPU
		Release|Any CPU = Release|Any CPU
	EndGlobalSection
	GlobalSection(ProjectConfigurationPlatforms) = postSolution
		{AC1DFDAE-0A5D-43CD-B0CF-4DFE9B445758}.Debug|Any CPU.ActiveCfg = Debug|Any CPU
		{AC1DFDAE-0A5D-43CD-B0CF-4DFE9B445758}.Debug|Any CPU.Build.0 = Debug|Any CPU
		{AC1DFDAE-0A5D-43CD-B0CF-4DFE9B445758}.Release|Any CPU.ActiveCfg = Release|Any CPU
		{AC1DFDAE-0A5D-43CD-B0CF-4DFE9B445758}.Release|Any CPU.Build.0 = Release|Any CPU
		{FDB58709-3357-4D47-AEAF-6041BEE1CAB5}.Debug|Any CPU.ActiveCfg = Debug|Any CPU
		{FDB58709-3357-4D47-AEAF-6041BEE1CAB5}.Debug|Any CPU.Build.0 = Debug|Any CPU
		{FDB58709-3357-4D47-AEAF-6041BEE1CAB5}.Release|Any CPU.ActiveCfg = Release|Any CPU
		{FDB58709-3357-4D47-AEAF-6041BEE1CAB5}.Release|Any CPU.Build.0 = Release|Any CPU
		{A24AEC6C-716B-42F7-87A3-9BB8F817BB3D}.Debug|Any CPU.ActiveCfg = Debug|Any CPU
		{A24AEC6C-716B-42F7-87A3-9BB8F817BB3D}.Debug|Any CPU.Build.0 = Debug|Any CPU
		{A24AEC6C-716B-42F7-87A3-9BB8F817BB3D}.Release|Any CPU.ActiveCfg = Release|Any CPU
		{A24AEC6C-716B-42F7-87A3-9BB8F817BB3D}.Release|Any CPU.Build.0 = Release|Any CPU
	EndGlobalSection
	GlobalSection(SolutionProperties) = preSolution
		HideSolutionNode = FALSE
	EndGlobalSection
	GlobalSection(ExtensibilityGlobals) = postSolution
		SolutionGuid = {416753E6-8594-4ED0-B468-79B06F74FC9E}
	EndGlobalSection
EndGlobal
